# This file is autogenerated, do not edit; changes may be undone by the next 'dep ensure'.


[[projects]]
  digest = "1:a7b19f4f25c2017dc3149f9c4f9993b3c4ba1e491bdd1a2122371062db2fbb05"
  name = "github.com/Rican7/retry"
  packages = [
    ".",
    "backoff",
    "jitter",
    "strategy",
  ]
  pruneopts = "UT"
  revision = "28d17f812805614e76f170aa3c8698155ea8e019"
  version = "v0.1.0"

[[projects]]
  branch = "master"
  digest = "1:e9a61a8bda38b9f274794d9c83348d88fd4c5a6aeec519d1fd5c9609f70019e7"
  name = "github.com/alecthomas/jsonschema"
  packages = ["."]
  pruneopts = "UT"
  revision = "a6952de1bbe6e1c7ef118614925fe4b02847383a"

[[projects]]
  digest = "1:beccdefdf8a693d2420d1be448e93bf60abd308a492000d1f71faf5f72003c17"
  name = "github.com/allegro/bigcache"
  packages = [
    ".",
    "queue",
  ]
  pruneopts = "UT"
  revision = "bff00e20c68d9f136477d62d182a7dc917bae0ca"

[[projects]]
  digest = "1:f5322546f652db78b7a8efd35047a61d1e492abca2263e1c647eca49e1c8a354"
  name = "github.com/aristanetworks/goarista"
  packages = ["monotime"]
  pruneopts = "UT"
  revision = "ea17b1a17847fb6e4c0a91de0b674704693469b0"

[[projects]]
  branch = "master"
  digest = "1:d6afaeed1502aa28e80a4ed0981d570ad91b2579193404256ce672ed0a609e0d"
  name = "github.com/beorn7/perks"
  packages = ["quantile"]
  pruneopts = "UT"
  revision = "3a771d992973f24aa725d07868b467d1ddfceafb"

[[projects]]
  branch = "master"
  digest = "1:093bf93a65962e8191e3e8cd8fc6c363f83d43caca9739c906531ba7210a9904"
  name = "github.com/btcsuite/btcd"
  packages = ["btcec"]
  pruneopts = "UT"
  revision = "306aecffea325e97f513b3ff0cf7895a5310651d"

[[projects]]
  digest = "1:2f7daa1bfbcd83e7f15933f01dd8306fe9a9b9d509d574f39bba9b0a67605b05"
  name = "github.com/caarlos0/env"
  packages = ["."]
  pruneopts = "UT"
  revision = "9a320ffe30f788798714d91e5735181030db014c"
  version = "v4.0.0"

[[projects]]
  digest = "1:ffe9824d294da03b391f44e1ae8281281b4afc1bdaa9588c9097785e3af10cec"
  name = "github.com/davecgh/go-spew"
  packages = ["spew"]
  pruneopts = "UT"
  revision = "8991bc29aa16c548c550c7ff78260e27b9ab7c73"
  version = "v1.1.1"

[[projects]]
  digest = "1:1aeb4854a1c278e842712cd6684f48d595cbdd7839655d37a77248efa08c9fc0"
  name = "github.com/deckarep/golang-set"
  packages = ["."]
  pruneopts = "UT"
  revision = "504e848d77ea4752b3057b8fb46da0e7f746ccf3"

[[projects]]
  digest = "1:81cdea2cb729a674dc6e3f9e85ca1169b6a13157676b5ff6e15f1561371a729d"
  name = "github.com/ethereum/go-ethereum"
  packages = [
    ".",
    "accounts",
    "accounts/abi",
    "accounts/abi/bind",
    "accounts/keystore",
    "common",
    "common/hexutil",
    "common/math",
    "common/mclock",
    "common/prque",
    "core/types",
    "crypto",
    "crypto/secp256k1",
    "crypto/sha3",
    "ethclient",
    "ethdb",
    "event",
    "log",
    "metrics",
    "p2p/netutil",
    "params",
    "rlp",
    "rpc",
    "trie",
  ]
  pruneopts = "UT"
  revision = "24d727b6d6e2c0cde222fa12155c4a6db5caaf2e"
  version = "v1.8.20"

[[projects]]
  digest = "1:fdf5169073fb0ad6dc12a70c249145e30f4058647bea25f0abd48b6d9f228a11"
  name = "github.com/go-kit/kit"
  packages = [
    "log",
    "log/level",
    "log/term",
    "metrics",
    "metrics/discard",
    "metrics/internal/lv",
    "metrics/prometheus",
  ]
  pruneopts = "UT"
  revision = "4dc7be5d2d12881735283bcab7352178e190fc71"
  version = "v0.6.0"

[[projects]]
  digest = "1:4062bc6de62d73e2be342243cf138cf499b34d558876db8d9430e2149388a4d8"
  name = "github.com/go-logfmt/logfmt"
  packages = ["."]
  pruneopts = "UT"
  revision = "07c9b44f60d7ffdfb7d8efe1ad539965737836dc"
  version = "v0.4.0"

[[projects]]
  digest = "1:33542eaf895b5489ccfb059502a721f0e8875379da8b3ff60fdd9212d503705c"
  name = "github.com/go-stack/stack"
  packages = ["."]
  pruneopts = "UT"
  revision = "54be5f394ed2c3e19dac9134a40a95ba5a017f7b"
  version = "v1.5.4"

[[projects]]
  digest = "1:35621fe20f140f05a0c4ef662c26c0ab4ee50bca78aa30fe87d33120bd28165e"
  name = "github.com/gogo/protobuf"
  packages = [
    "gogoproto",
    "jsonpb",
    "proto",
    "protoc-gen-gogo/descriptor",
    "sortkeys",
    "types",
  ]
  pruneopts = "UT"
  revision = "636bf0302bc95575d69441b25a2603156ffdddf1"
  version = "v1.1.1"

[[projects]]
  digest = "1:17fe264ee908afc795734e8c4e63db2accabaf57326dbf21763a7d6b86096260"
  name = "github.com/golang/protobuf"
  packages = [
    "proto",
    "ptypes",
    "ptypes/any",
    "ptypes/duration",
    "ptypes/timestamp",
  ]
  pruneopts = "UT"
  revision = "b4deda0973fb4c70b50d226b1af49f3da59f5265"
  version = "v1.1.0"

[[projects]]
  digest = "1:e4f5819333ac698d294fe04dbf640f84719658d5c7ce195b10060cc37292ce79"
  name = "github.com/golang/snappy"
  packages = ["."]
  pruneopts = "UT"
  revision = "2a8bb927dd31d8daada140a5d09578521ce5c36a"
  version = "v0.0.1"

[[projects]]
  digest = "1:d2754cafcab0d22c13541618a8029a70a8959eb3525ff201fe971637e2274cd0"
  name = "github.com/google/go-cmp"
  packages = [
    "cmp",
    "cmp/cmpopts",
    "cmp/internal/diff",
    "cmp/internal/function",
    "cmp/internal/value",
  ]
  pruneopts = "UT"
  revision = "3af367b6b30c263d47e8895973edcca9a49cf029"
  version = "v0.2.0"

[[projects]]
  digest = "1:7b5c6e2eeaa9ae5907c391a91c132abfd5c9e8a784a341b5625e750c67e6825d"
  name = "github.com/gorilla/websocket"
  packages = ["."]
  pruneopts = "UT"
  revision = "66b9c49e59c6c48f0ffce28c2d8b8a5678502c6d"
  version = "v1.4.0"

[[projects]]
  branch = "master"
  digest = "1:c1dd060cad9abcf334c6bc7f9d71688d526722f505d947f965d38a010a349336"
  name = "github.com/intel-go/fastjson"
  packages = ["."]
  pruneopts = "UT"
  revision = "f846ae58a1ab4a99d9480ce565601aebd84e333a"

[[projects]]
  branch = "master"
  digest = "1:5c3444689562053b027ef3b96372e306adbe0d7d109b6cdd48d01eb80f8bab14"
  name = "github.com/jinzhu/copier"
  packages = ["."]
  pruneopts = "UT"
  revision = "7e38e58719c33e0d44d585c4ab477a30f8cb82dd"

[[projects]]
  digest = "1:a74b5a8e34ee5843cd6e65f698f3e75614f812ff170c2243425d75bc091e9af2"
  name = "github.com/jmhodges/levigo"
  packages = ["."]
  pruneopts = "UT"
  revision = "853d788c5c416eaaee5b044570784a96c7a26975"
  version = "v1.0.0"

[[projects]]
  branch = "master"
  digest = "1:a64e323dc06b73892e5bb5d040ced475c4645d456038333883f58934abbf6f72"
  name = "github.com/kr/logfmt"
  packages = ["."]
  pruneopts = "UT"
  revision = "b84e30acd515aadc4b783ad4ff83aff3299bdfe0"

[[projects]]
  digest = "1:17e2b99f622792fcc12942bfc0f9089d1532f6dfc40878b44ae145b458fbab30"
  name = "github.com/looplab/fsm"
  packages = ["."]
  pruneopts = "UT"
  revision = "84b5307469f859464403f80919467950a79de1b1"
  version = "v0.1.0"

[[projects]]
  digest = "1:ff5ebae34cfbf047d505ee150de27e60570e8c394b3b8fdbb720ff6ac71985fc"
  name = "github.com/matttproud/golang_protobuf_extensions"
  packages = ["pbutil"]
  pruneopts = "UT"
  revision = "c12348ce28de40eed0136aa2b644d0ee0650e56c"
  version = "v1.0.1"

[[projects]]
  digest = "1:f9544e040a914c2de663031150db1fe0d592841ba039b01d27ac216dea061d5a"
  name = "github.com/osamingo/jsonrpc"
  packages = ["."]
  pruneopts = "UT"
  revision = "92d51847b98f375bd5db9fd00f8b36dbc279c384"
  version = "v2.1"

[[projects]]
  digest = "1:808cdddf087fb64baeae67b8dfaee2069034d9704923a3cb8bd96a995421a625"
  name = "github.com/patrickmn/go-cache"
  packages = ["."]
  pruneopts = "UT"
  revision = "a3647f8e31d79543b2d0f0ae2fe5c379d72cedc0"
  version = "v2.1.0"

[[projects]]
  digest = "1:361de06aa7ae272616cbe71c3994a654cc6316324e30998e650f7765b20c5b33"
  name = "github.com/pborman/uuid"
  packages = ["."]
  pruneopts = "UT"
  revision = "1b00554d822231195d1babd97ff4a781231955c9"

[[projects]]
  digest = "1:cf31692c14422fa27c83a05292eb5cbe0fb2775972e8f1f8446a71549bd8980b"
  name = "github.com/pkg/errors"
  packages = ["."]
  pruneopts = "UT"
  revision = "ba968bfe8b2f7e042a574c888954fccecfa385b4"
  version = "v0.8.1"

[[projects]]
  digest = "1:0028cb19b2e4c3112225cd871870f2d9cf49b9b4276531f03438a88e94be86fe"
  name = "github.com/pmezard/go-difflib"
  packages = ["difflib"]
  pruneopts = "UT"
  revision = "792786c7400a136282c1664665ae0a8db921c6c2"
  version = "v1.0.0"

[[projects]]
  digest = "1:93a746f1060a8acbcf69344862b2ceced80f854170e1caae089b2834c5fbf7f4"
  name = "github.com/prometheus/client_golang"
  packages = [
    "prometheus",
    "prometheus/internal",
    "prometheus/promhttp",
  ]
  pruneopts = "UT"
  revision = "505eaef017263e299324067d40ca2c48f6a2cf50"
  version = "v0.9.2"

[[projects]]
  branch = "master"
  digest = "1:2d5cd61daa5565187e1d96bae64dbbc6080dacf741448e9629c64fd93203b0d4"
  name = "github.com/prometheus/client_model"
  packages = ["go"]
  pruneopts = "UT"
  revision = "fd36f4220a901265f90734c3183c5f0c91daa0b8"

[[projects]]
  digest = "1:35cf6bdf68db765988baa9c4f10cc5d7dda1126a54bd62e252dbcd0b1fc8da90"
  name = "github.com/prometheus/common"
  packages = [
    "expfmt",
    "internal/bitbucket.org/ww/goautoneg",
    "model",
  ]
  pruneopts = "UT"
  revision = "cfeb6f9992ffa54aaa4f2170ade4067ee478b250"
  version = "v0.2.0"

[[projects]]
  branch = "master"
  digest = "1:bfc66a1fd78dc8f14d419fd52a5a42db1d572e887ebcc80b98c1a515a8f2d837"
  name = "github.com/prometheus/procfs"
  packages = [
    ".",
    "internal/util",
    "iostats",
    "nfs",
    "xfs",
  ]
  pruneopts = "UT"
  revision = "bbced9601137e764853b2fad7ec3e2dc4c504e02"

[[projects]]
  digest = "1:c4556a44e350b50a490544d9b06e9fba9c286c21d6c0e47f54f3a9214597298c"
  name = "github.com/rcrowley/go-metrics"
  packages = ["."]
  pruneopts = "UT"
  revision = "e2704e165165ec55d062f5919b4b29494e9fa790"

[[projects]]
  digest = "1:8f4b365e527c00e2ba6b25a4c41ee7b84078c375fba83c971e54d2f0582df279"
  name = "github.com/rjeczalik/notify"
  packages = ["."]
  pruneopts = "UT"
  revision = "0f065fa99b48b842c3fd3e2c8b194c6f2b69f6b8"
  version = "v0.9.1"

[[projects]]
  digest = "1:b0c25f00bad20d783d259af2af8666969e2fc343fa0dc9efe52936bbd67fb758"
  name = "github.com/rs/cors"
  packages = ["."]
  pruneopts = "UT"
  revision = "9a47f48565a795472d43519dd49aac781f3034fb"
  version = "v1.6.0"

[[projects]]
  branch = "master"
  digest = "1:383e656d30a7bd2c663514940748c189307134c65ec8c7b2070ed01abb93e73d"
  name = "github.com/streadway/quantile"
  packages = ["."]
  pruneopts = "UT"
  revision = "b0c588724d25ae13f5afb3d90efec0edc636432b"

[[projects]]
  digest = "1:972c2427413d41a1e06ca4897e8528e5a1622894050e2f527b38ddf0f343f759"
  name = "github.com/stretchr/testify"
  packages = ["assert"]
  pruneopts = "UT"
  revision = "ffdc059bfe9ce6a4e144ba849dbedead332c6053"
  version = "v1.3.0"

[[projects]]
  digest = "1:5b180f17d5bc50b765f4dcf0d126c72979531cbbd7f7929bf3edd87fb801ea2d"
  name = "github.com/syndtr/goleveldb"
  packages = [
    "leveldb",
    "leveldb/cache",
    "leveldb/comparer",
    "leveldb/errors",
    "leveldb/filter",
    "leveldb/iterator",
    "leveldb/journal",
    "leveldb/memdb",
    "leveldb/opt",
    "leveldb/storage",
    "leveldb/table",
    "leveldb/util",
  ]
  pruneopts = "UT"
  revision = "9d007e481048296f09f59bd19bb7ae584563cd95"
  version = "v1.0.0"

[[projects]]
  digest = "1:83f5e189eea2baad419a6a410984514266ff690075759c87e9ede596809bd0b8"
  name = "github.com/tendermint/btcd"
  packages = ["btcec"]
  pruneopts = "UT"
  revision = "80daadac05d1cd29571fccf27002d79667a88b58"
  version = "v0.1.1"

[[projects]]
  digest = "1:ad9c4c1a4e7875330b1f62906f2830f043a23edb5db997e3a5ac5d3e6eadf80a"
  name = "github.com/tendermint/go-amino"
  packages = ["."]
  pruneopts = "UT"
  revision = "dc14acf9ef15f85828bfbc561ed9dd9d2a284885"
  version = "v0.14.1"

[[projects]]
  digest = "1:e13c024e291b2ccf664da1b09776568b8ba04bc5a7fa73c017a15443fd37eea3"
  name = "github.com/tendermint/tendermint"
  packages = [
    "abci/client",
    "abci/example/code",
    "abci/example/counter",
    "abci/example/kvstore",
    "abci/server",
    "abci/types",
    "blockchain",
    "config",
    "consensus",
    "consensus/types",
    "crypto",
    "crypto/ed25519",
    "crypto/encoding/amino",
    "crypto/merkle",
    "crypto/multisig",
    "crypto/multisig/bitarray",
    "crypto/secp256k1",
    "crypto/tmhash",
    "evidence",
    "libs/autofile",
    "libs/clist",
    "libs/common",
    "libs/db",
    "libs/events",
    "libs/fail",
    "libs/flowrate",
    "libs/log",
    "libs/pubsub",
    "libs/pubsub/query",
    "mempool",
    "node",
    "p2p",
    "p2p/conn",
    "p2p/pex",
    "privval",
    "proxy",
    "rpc/client",
    "rpc/core",
    "rpc/core/types",
    "rpc/grpc",
    "rpc/lib/client",
    "rpc/lib/server",
    "rpc/lib/types",
    "state",
    "state/txindex",
    "state/txindex/kv",
    "state/txindex/null",
    "types",
    "types/time",
    "version",
  ]
  pruneopts = "UT"
  revision = "4d7b29cd8f8ef998cf8f7141f3a100b0a4fa718d"
  version = "v0.29.1"

[[projects]]
  digest = "1:7df351557a6d5c30804e7d6f7ed87f2fccb0619c08fcc84869a93f22bec96c11"
  name = "github.com/tidwall/gjson"
  packages = ["."]
  pruneopts = "UT"
  revision = "eee0b6226f0d1db2675a176fdfaa8419bcad4ca8"
  version = "v1.2.1"

[[projects]]
  digest = "1:8453ddbed197809ee8ca28b06bd04e127bec9912deb4ba451fea7a1eca578328"
  name = "github.com/tidwall/match"
  packages = ["."]
  pruneopts = "UT"
  revision = "33827db735fff6510490d69a8622612558a557ed"
  version = "v1.0.1"

[[projects]]
  branch = "master"
  digest = "1:88611438dc87bda5862e2d12d8e901bac8ebfd4a9034a896d2f69835360439a7"
  name = "github.com/tidwall/pretty"
  packages = ["."]
  pruneopts = "UT"
  revision = "65a9db5fad5105a89e17f38adcc9878685be6d78"

[[projects]]
  digest = "1:c03a197b97eae238b5295cfb2f33bb410be0d97ede25a41b910f3666e70f1cbc"
  name = "github.com/tsenart/vegeta"
  packages = ["lib"]
  pruneopts = "UT"
  revision = "9f28db162ce19bb52817af4fd9b5801b1f2772c5"
  version = "v6.3.0"

[[projects]]
  branch = "master"
  digest = "1:f4e5276a3b356f4692107047fd2890f2fe534f4feeb6b1fd2f6dfbd87f1ccf54"
  name = "github.com/xeipuuv/gojsonpointer"
  packages = ["."]
  pruneopts = "UT"
  revision = "4e3ac2762d5f479393488629ee9370b50873b3a6"

[[projects]]
  branch = "master"
  digest = "1:dc6a6c28ca45d38cfce9f7cb61681ee38c5b99ec1425339bfc1e1a7ba769c807"
  name = "github.com/xeipuuv/gojsonreference"
  packages = ["."]
  pruneopts = "UT"
  revision = "bd5ef7bd5415a7ac448318e64f11a24cd21e594b"

[[projects]]
  digest = "1:1c898ea6c30c16e8d55fdb6fe44c4bee5f9b7d68aa260cfdfc3024491dcc7bea"
  name = "github.com/xeipuuv/gojsonschema"
  packages = ["."]
  pruneopts = "UT"
  revision = "f971f3cd73b2899de6923801c147f075263e0c50"
  version = "v1.1.0"

[[projects]]
  branch = "master"
  digest = "1:cc84ef00f00d3d7dca228d9498f44c0d000d329be75ae39d81e7d9bef6422d4f"
  name = "github.com/xlab-si/emmy"
  packages = [
    "crypto/common",
    "crypto/qr",
    "crypto/schnorr",
  ]
  pruneopts = "UT"
  revision = "2a3c9dd29847c2ca25d12e73c9883a47dcd834e0"

[[projects]]
  digest = "1:564b31f09a21367ada5b019d8413afe99cf770775606f94c7bef42b2ef79dfdf"
  name = "github.com/ybbus/jsonrpc"
  packages = ["."]
  pruneopts = "UT"
  revision = "dd866631e904a5df2067d934985c5def68f391ac"
  version = "v2.1.2"

[[projects]]
  digest = "1:9a140e300f5f4a737e1f7d60949bfdb164417e4a15abe0d92b34d99cb1da607a"
  name = "golang.org/x/crypto"
  packages = [
    "chacha20poly1305",
    "curve25519",
    "ed25519",
    "ed25519/internal/edwards25519",
    "hkdf",
    "internal/chacha20",
    "internal/subtle",
    "nacl/box",
    "nacl/secretbox",
    "pbkdf2",
    "poly1305",
    "ripemd160",
    "salsa20/salsa",
    "scrypt",
  ]
  pruneopts = "UT"
  revision = "505ab145d0a99da450461ae2c1a9f6cd10d1f447"

[[projects]]
  digest = "1:889c90a813916538d04cebcc76c79ff915414a655e85e6878ea40044e908ede4"
  name = "golang.org/x/net"
  packages = [
    "context",
    "http/httpguts",
    "http2",
    "http2/hpack",
    "idna",
    "internal/timeseries",
    "netutil",
    "publicsuffix",
    "trace",
    "websocket",
  ]
  pruneopts = "UT"
  revision = "292b43bbf7cb8d35ddf40f8d5100ef3837cced3f"

[[projects]]
  branch = "master"
  digest = "1:9d1657fbbef403ab54f7eb39278a787f35536ef37f7c2a0775f49ea3356d5076"
  name = "golang.org/x/sys"
  packages = [
    "cpu",
    "unix",
  ]
  pruneopts = "UT"
  revision = "a34e9553db1e492c9a76e60db2296ae7e5fbb772"

[[projects]]
  digest = "1:a2ab62866c75542dd18d2b069fec854577a20211d7c0ea6ae746072a1dccdd18"
  name = "golang.org/x/text"
  packages = [
    "collate",
    "collate/build",
    "internal/colltab",
    "internal/gen",
    "internal/tag",
    "internal/triegen",
    "internal/ucd",
    "language",
    "secure/bidirule",
    "transform",
    "unicode/bidi",
    "unicode/cldr",
    "unicode/norm",
    "unicode/rangetable",
  ]
  pruneopts = "UT"
  revision = "f21a4dfb5e38f5895301dc265a8def02365cc3d0"
  version = "v0.3.0"

[[projects]]
  branch = "master"
  digest = "1:077c1c599507b3b3e9156d17d36e1e61928ee9b53a5b420f10f28ebd4a0b275c"
  name = "google.golang.org/genproto"
  packages = ["googleapis/rpc/status"]
  pruneopts = "UT"
  revision = "4f5b463f9597cbe0dd13a6a2cd4f85e788d27508"

[[projects]]
  digest = "1:cbc746de4662c66fd24a037501bd65aa0f8ad0bfca0c92576e0abb88864e3741"
  name = "google.golang.org/grpc"
  packages = [
    ".",
    "balancer",
    "balancer/base",
    "balancer/roundrobin",
    "binarylog/grpc_binarylog_v1",
    "codes",
    "connectivity",
    "credentials",
    "credentials/internal",
    "encoding",
    "encoding/proto",
    "grpclog",
    "internal",
    "internal/backoff",
    "internal/binarylog",
    "internal/channelz",
    "internal/envconfig",
    "internal/grpcrand",
    "internal/grpcsync",
    "internal/syscall",
    "internal/transport",
    "keepalive",
    "metadata",
    "naming",
    "peer",
    "resolver",
    "resolver/dns",
    "resolver/passthrough",
    "stats",
    "status",
    "tap",
  ]
  pruneopts = "UT"
  revision = "2fdaae294f38ed9a121193c51ec99fecd3b13eb7"
  version = "v1.19.0"

[[projects]]
  digest = "1:3ca836158313fdffcb95d4a98fba8860e182aff2853c78d168cc9e021308ded4"
  name = "gopkg.in/h2non/baloo.v3"
  packages = [
    ".",
    "assert",
  ]
  pruneopts = "UT"
  revision = "b9f462260906c6745b7326783fede3b92e7c465e"
  version = "v3.0.2"

[[projects]]
  digest = "1:7fcbedcdf42d726e69027720ccca6d77cd7df9c430db9c7e3d3343dc97b63b01"
  name = "gopkg.in/h2non/gentleman.v2"
  packages = [
    ".",
    "context",
    "middleware",
    "mux",
    "plugin",
    "plugins/body",
    "plugins/bodytype",
    "plugins/cookies",
    "plugins/headers",
    "plugins/multipart",
    "plugins/query",
    "plugins/url",
    "utils",
  ]
  pruneopts = "UT"
  revision = "e0f81be2f4064ea7aa7470e9daddd2dc8e8152c7"
  version = "v2.0.3"

[[projects]]
  branch = "v2"
  digest = "1:3d3f9391ab615be8655ae0d686a1564f3fec413979bb1aaf018bac1ec1bb1cc7"
  name = "gopkg.in/natefinch/npipe.v2"
  packages = ["."]
  pruneopts = "UT"
  revision = "c1b8fa8bdccecb0b8db834ee0b92fdbcfa606dd6"

[solve-meta]
  analyzer-name = "dep"
  analyzer-version = 1
  input-imports = [
    "github.com/Rican7/retry",
    "github.com/Rican7/retry/backoff",
    "github.com/Rican7/retry/strategy",
    "github.com/btcsuite/btcd/btcec",
    "github.com/caarlos0/env",
    "github.com/ethereum/go-ethereum",
    "github.com/ethereum/go-ethereum/accounts/abi",
    "github.com/ethereum/go-ethereum/accounts/abi/bind",
    "github.com/ethereum/go-ethereum/common",
    "github.com/ethereum/go-ethereum/common/math",
    "github.com/ethereum/go-ethereum/core/types",
    "github.com/ethereum/go-ethereum/crypto",
    "github.com/ethereum/go-ethereum/crypto/sha3",
    "github.com/ethereum/go-ethereum/ethclient",
    "github.com/ethereum/go-ethereum/event",
    "github.com/ethereum/go-ethereum/rlp",
    "github.com/google/go-cmp/cmp",
    "github.com/google/go-cmp/cmp/cmpopts",
    "github.com/intel-go/fastjson",
    "github.com/jinzhu/copier",
    "github.com/looplab/fsm",
    "github.com/osamingo/jsonrpc",
    "github.com/patrickmn/go-cache",
    "github.com/pkg/errors",
    "github.com/rs/cors",
    "github.com/stretchr/testify/assert",
    "github.com/tendermint/btcd/btcec",
    "github.com/tendermint/tendermint/abci/example/code",
    "github.com/tendermint/tendermint/abci/server",
    "github.com/tendermint/tendermint/abci/types",
    "github.com/tendermint/tendermint/config",
    "github.com/tendermint/tendermint/crypto/secp256k1",
    "github.com/tendermint/tendermint/libs/common",
    "github.com/tendermint/tendermint/libs/db",
    "github.com/tendermint/tendermint/libs/log",
    "github.com/tendermint/tendermint/libs/pubsub/query",
    "github.com/tendermint/tendermint/node",
    "github.com/tendermint/tendermint/p2p",
    "github.com/tendermint/tendermint/privval",
    "github.com/tendermint/tendermint/rpc/client",
    "github.com/tendermint/tendermint/rpc/lib/client",
    "github.com/tendermint/tendermint/types",
    "github.com/tendermint/tendermint/version",
    "github.com/tidwall/gjson",
    "github.com/tsenart/vegeta/lib",
    "github.com/xlab-si/emmy/crypto/common",
    "github.com/xlab-si/emmy/crypto/qr",
    "github.com/ybbus/jsonrpc",
    "gopkg.in/h2non/baloo.v3",
  ]
  solver-name = "gps-cdcl"
  solver-version = 1
