# This file is autogenerated, do not edit; changes may be undone by the next 'dep ensure'.


[[projects]]
  digest = "1:9f3b30d9f8e0d7040f729b82dcbc8f0dead820a133b3147ce355fc451f32d761"
  name = "github.com/BurntSushi/toml"
  packages = ["."]
  pruneopts = "UT"
  revision = "3012a1dbe2e4bd1391d42b32f0577cb7bbc7f005"
  version = "v0.3.1"

[[projects]]
  branch = "master"
  digest = "1:b01db4a62ad4d7aee34e6ff3fc7cdf3e80242dc07efcdab26bfff8d0fa9c9a23"
  name = "github.com/NebulousLabs/merkletree"
  packages = ["."]
  pruneopts = "UT"
  revision = "2a1d1d1dc33ce5cf7271c7560c8c62423dd0b094"

[[projects]]
  digest = "1:a7b19f4f25c2017dc3149f9c4f9993b3c4ba1e491bdd1a2122371062db2fbb05"
  name = "github.com/Rican7/retry"
  packages = [
    ".",
    "backoff",
    "jitter",
    "strategy",
  ]
  pruneopts = "UT"
  revision = "28d17f812805614e76f170aa3c8698155ea8e019"
  version = "v0.1.0"

[[projects]]
  branch = "master"
  digest = "1:c312c313bb8040fcfb5698f38b51ec279e4635c7619773e6f018c908586c64b1"
  name = "github.com/alecthomas/jsonschema"
  packages = ["."]
  pruneopts = "UT"
  revision = "f2c93856175a7dd6abe88c5c3900b67ad054adcc"

[[projects]]
  branch = "master"
  digest = "1:22c66b5949c6bf210877535532190cd21bba49696602649cddaf3443f16a7633"
  name = "github.com/anthdm/hbbft"
  packages = ["."]
  pruneopts = "UT"
  revision = "993bb6e6ece42991a57f16bdcf53706615fccad1"

[[projects]]
  branch = "master"
  digest = "1:7d191fd0c54ff370eaf6116a14dafe2a328df487baea280699f597aae858d00d"
  name = "github.com/aristanetworks/goarista"
  packages = ["monotime"]
  pruneopts = "UT"
  revision = "5faa74ffbed7096292069fdcd0eae96146a3158a"

[[projects]]
  branch = "master"
  digest = "1:d6afaeed1502aa28e80a4ed0981d570ad91b2579193404256ce672ed0a609e0d"
  name = "github.com/beorn7/perks"
  packages = ["quantile"]
  pruneopts = "UT"
  revision = "3a771d992973f24aa725d07868b467d1ddfceafb"

[[projects]]
  digest = "1:b520b55fc1146c5b0eea03b07233f7a3d4a9be985c037c91ea6b82ecb81bd521"
  name = "github.com/bitly/go-simplejson"
  packages = ["."]
  pruneopts = "UT"
  revision = "aabad6e819789e569bd6aabf444c935aa9ba1e44"
  version = "v0.5.0"

[[projects]]
  branch = "master"
  digest = "1:c0decf632843204d2b8781de7b26e7038584e2dcccc7e2f401e88ae85b1df2b7"
  name = "github.com/btcsuite/btcd"
  packages = ["btcec"]
  pruneopts = "UT"
  revision = "67e573d211ace594f1366b4ce9d39726c4b19bd0"

[[projects]]
  branch = "master"
  digest = "1:f5a785a2836dce1d5a46a313275fe868c332090a3709b5aa58b84e1368ae006f"
  name = "github.com/btcsuite/fastsha256"
  packages = ["."]
  pruneopts = "UT"
  revision = "637e656429416087660c84436a2a035d69d54e2e"

[[projects]]
  digest = "1:ffe9824d294da03b391f44e1ae8281281b4afc1bdaa9588c9097785e3af10cec"
  name = "github.com/davecgh/go-spew"
  packages = ["spew"]
  pruneopts = "UT"
  revision = "8991bc29aa16c548c550c7ff78260e27b9ab7c73"
  version = "v1.1.1"

[[projects]]
  digest = "1:e47d51dab652d26c3fba6f8cba403f922d02757a82abdc77e90df7948daf296e"
  name = "github.com/deckarep/golang-set"
  packages = ["."]
  pruneopts = "UT"
  revision = "cbaa98ba5575e67703b32b4b19f73c91f3c4159e"
  version = "v1.7.1"

[[projects]]
  digest = "1:c7644c73a3d23741fdba8a99b1464e021a224b7e205be497271a8003a15ca41b"
  name = "github.com/ebuchman/fail-test"
  packages = ["."]
  pruneopts = "UT"
  revision = "95f809107225be108efcf10a3509e4ea6ceef3c4"

[[projects]]
  digest = "1:f08158538fb9b5acf86edbf06d0eafd13aafa3277abe534a01f0e99d394e4637"
  name = "github.com/ethereum/go-ethereum"
  packages = [
    ".",
    "accounts",
    "accounts/abi",
    "accounts/abi/bind",
    "accounts/keystore",
    "common",
    "common/hexutil",
    "common/math",
    "common/mclock",
    "common/prque",
    "core/types",
    "crypto",
    "crypto/secp256k1",
    "crypto/sha3",
    "ethclient",
    "ethdb",
    "event",
    "log",
    "metrics",
    "p2p/netutil",
    "params",
    "rlp",
    "rpc",
    "trie",
  ]
  pruneopts = "T"
  revision = "58632d44021bf095b43a1bb2443e6e3690a94739"
  version = "v1.8.18"

[[projects]]
  digest = "1:af43bdaaf86655a2343f113e9b293bbc16b12099eaeb223982bbe4d4c22ba14d"
  name = "github.com/fatih/structs"
  packages = ["."]
  pruneopts = "UT"
  revision = "4966fc68f5b7593aafa6cbbba2d65ec6e1416047"
  version = "v1.1.0"

[[projects]]
  digest = "1:abeb38ade3f32a92943e5be54f55ed6d6e3b6602761d74b4aab4c9dd45c18abd"
  name = "github.com/fsnotify/fsnotify"
  packages = ["."]
  pruneopts = "UT"
  revision = "c2828203cd70a50dcccfb2761f8b1f8ceef9a8e9"
  version = "v1.4.7"

[[projects]]
  digest = "1:2cd7915ab26ede7d95b8749e6b1f933f1c6d5398030684e6505940a10f31cfda"
  name = "github.com/ghodss/yaml"
  packages = ["."]
  pruneopts = "UT"
  revision = "0ca9ea5df5451ffdf184b4428c902747c2c11cd7"
  version = "v1.0.0"

[[projects]]
  digest = "1:fdf5169073fb0ad6dc12a70c249145e30f4058647bea25f0abd48b6d9f228a11"
  name = "github.com/go-kit/kit"
  packages = [
    "log",
    "log/level",
    "log/term",
    "metrics",
    "metrics/discard",
    "metrics/internal/lv",
    "metrics/prometheus",
  ]
  pruneopts = "UT"
  revision = "4dc7be5d2d12881735283bcab7352178e190fc71"
  version = "v0.6.0"

[[projects]]
  digest = "1:4062bc6de62d73e2be342243cf138cf499b34d558876db8d9430e2149388a4d8"
  name = "github.com/go-logfmt/logfmt"
  packages = ["."]
  pruneopts = "UT"
  revision = "07c9b44f60d7ffdfb7d8efe1ad539965737836dc"
  version = "v0.4.0"

[[projects]]
  digest = "1:586ea76dbd0374d6fb649a91d70d652b7fe0ccffb8910a77468e7702e7901f3d"
  name = "github.com/go-stack/stack"
  packages = ["."]
  pruneopts = "UT"
  revision = "2fee6af1a9795aafbe0253a0cfbdf668e1fb8a9a"
  version = "v1.8.0"

[[projects]]
  digest = "1:35621fe20f140f05a0c4ef662c26c0ab4ee50bca78aa30fe87d33120bd28165e"
  name = "github.com/gogo/protobuf"
  packages = [
    "gogoproto",
    "jsonpb",
    "proto",
    "protoc-gen-gogo/descriptor",
    "sortkeys",
    "types",
  ]
  pruneopts = "UT"
  revision = "636bf0302bc95575d69441b25a2603156ffdddf1"
  version = "v1.1.1"

[[projects]]
  digest = "1:17fe264ee908afc795734e8c4e63db2accabaf57326dbf21763a7d6b86096260"
  name = "github.com/golang/protobuf"
  packages = [
    "proto",
    "ptypes",
    "ptypes/any",
    "ptypes/duration",
    "ptypes/timestamp",
  ]
  pruneopts = "UT"
  revision = "b4deda0973fb4c70b50d226b1af49f3da59f5265"
  version = "v1.1.0"

[[projects]]
  branch = "master"
  digest = "1:4a0c6bb4805508a6287675fac876be2ac1182539ca8a32468d8128882e9d5009"
  name = "github.com/golang/snappy"
  packages = ["."]
  pruneopts = "UT"
  revision = "2e65f85255dbc3072edf28d6b5b8efc472979f5a"

[[projects]]
  digest = "1:d2754cafcab0d22c13541618a8029a70a8959eb3525ff201fe971637e2274cd0"
  name = "github.com/google/go-cmp"
  packages = [
    "cmp",
    "cmp/cmpopts",
    "cmp/internal/diff",
    "cmp/internal/function",
    "cmp/internal/value",
  ]
  pruneopts = "UT"
  revision = "3af367b6b30c263d47e8895973edcca9a49cf029"
  version = "v0.2.0"

[[projects]]
  digest = "1:236d7e1bdb50d8f68559af37dbcf9d142d56b431c9b2176d41e2a009b664cda8"
  name = "github.com/google/uuid"
  packages = ["."]
  pruneopts = "UT"
  revision = "9b3b1e0f5f99ae461456d768e7d301a7acdaa2d8"
  version = "v1.1.0"

[[projects]]
  digest = "1:43dd08a10854b2056e615d1b1d22ac94559d822e1f8b6fcc92c1a1057e85188e"
  name = "github.com/gorilla/websocket"
  packages = ["."]
  pruneopts = "UT"
  revision = "ea4d1f681babbce9545c9c5f3d5194a789c89f5b"
  version = "v1.2.0"

[[projects]]
  digest = "1:ea40c24cdbacd054a6ae9de03e62c5f252479b96c716375aace5c120d68647c8"
  name = "github.com/hashicorp/hcl"
  packages = [
    ".",
    "hcl/ast",
    "hcl/parser",
    "hcl/scanner",
    "hcl/strconv",
    "hcl/token",
    "json/parser",
    "json/scanner",
    "json/token",
  ]
  pruneopts = "UT"
  revision = "8cb6e5b959231cc1119e43259c4a608f9c51a241"
  version = "v1.0.0"

[[projects]]
  digest = "1:8eb1de8112c9924d59bf1d3e5c26f5eaa2bfc2a5fcbb92dc1c2e4546d695f277"
  name = "github.com/imdario/mergo"
  packages = ["."]
  pruneopts = "UT"
  revision = "9f23e2d6bd2a77f959b2bf6acdbefd708a83a4a4"
  version = "v0.3.6"

[[projects]]
  branch = "master"
  digest = "1:c1dd060cad9abcf334c6bc7f9d71688d526722f505d947f965d38a010a349336"
  name = "github.com/intel-go/fastjson"
  packages = ["."]
  pruneopts = "UT"
  revision = "f846ae58a1ab4a99d9480ce565601aebd84e333a"

[[projects]]
  branch = "master"
  digest = "1:5c3444689562053b027ef3b96372e306adbe0d7d109b6cdd48d01eb80f8bab14"
  name = "github.com/jinzhu/copier"
  packages = ["."]
  pruneopts = "UT"
  revision = "7e38e58719c33e0d44d585c4ab477a30f8cb82dd"

[[projects]]
  branch = "master"
  digest = "1:39b27d1381a30421f9813967a5866fba35dc1d4df43a6eefe3b7a5444cb07214"
  name = "github.com/jmhodges/levigo"
  packages = ["."]
  pruneopts = "UT"
  revision = "c42d9e0ca023e2198120196f842701bb4c55d7b9"

[[projects]]
  digest = "1:2d643962fac133904694fffa959bc3c5dcfdcee38c6f5ffdd99a3c93eb9c835c"
  name = "github.com/klauspost/cpuid"
  packages = ["."]
  pruneopts = "UT"
  revision = "e7e905edc00ea8827e58662220139109efea09db"
  version = "v1.2.0"

[[projects]]
  digest = "1:a7d924d9d0cdb636e4750f9e99f6ec9e159ac458d1d5040c412fdf84c22b4d84"
  name = "github.com/klauspost/reedsolomon"
  packages = ["."]
  pruneopts = "UT"
  revision = "278ba25f43b885a3fd8da55cff33fc8c6a957960"
  version = "v1.7.0"

[[projects]]
  digest = "1:0a69a1c0db3591fcefb47f115b224592c8dfa4368b7ba9fae509d5e16cdc95c8"
  name = "github.com/konsorten/go-windows-terminal-sequences"
  packages = ["."]
  pruneopts = "UT"
  revision = "5c8c8bd35d3832f5d134ae1e1e375b69a4d25242"
  version = "v1.0.1"

[[projects]]
  branch = "master"
  digest = "1:a64e323dc06b73892e5bb5d040ced475c4645d456038333883f58934abbf6f72"
  name = "github.com/kr/logfmt"
  packages = ["."]
  pruneopts = "UT"
  revision = "b84e30acd515aadc4b783ad4ff83aff3299bdfe0"

[[projects]]
  digest = "1:4a49346ca45376a2bba679ca0e83bec949d780d4e927931317904bad482943ec"
  name = "github.com/mattn/go-sqlite3"
  packages = ["."]
  pruneopts = "UT"
  revision = "c7c4067b79cc51e6dfdcef5c702e74b1e0fa7c75"
  version = "v1.10.0"

[[projects]]
  digest = "1:ff5ebae34cfbf047d505ee150de27e60570e8c394b3b8fdbb720ff6ac71985fc"
  name = "github.com/matttproud/golang_protobuf_extensions"
  packages = ["pbutil"]
  pruneopts = "UT"
  revision = "c12348ce28de40eed0136aa2b644d0ee0650e56c"
  version = "v1.0.1"

[[projects]]
  digest = "1:6f6059f6fe2abaeb033bce72f84ff3da0f00fe6255cf075d62ea89a8ed2e002b"
  name = "github.com/micro/go-config"
  packages = [
    ".",
    "encoder",
    "encoder/hcl",
    "encoder/json",
    "encoder/toml",
    "encoder/xml",
    "encoder/yaml",
    "loader",
    "loader/memory",
    "reader",
    "reader/json",
    "source",
    "source/file",
  ]
  pruneopts = "UT"
  revision = "5257420bbbf11e151d5a44f031cc26fee3b12963"
  version = "v0.9.0"

[[projects]]
  digest = "1:f9544e040a914c2de663031150db1fe0d592841ba039b01d27ac216dea061d5a"
  name = "github.com/osamingo/jsonrpc"
  packages = ["."]
  pruneopts = "UT"
  revision = "92d51847b98f375bd5db9fd00f8b36dbc279c384"
  version = "v2.1"

[[projects]]
  digest = "1:808cdddf087fb64baeae67b8dfaee2069034d9704923a3cb8bd96a995421a625"
  name = "github.com/patrickmn/go-cache"
  packages = ["."]
  pruneopts = "UT"
  revision = "a3647f8e31d79543b2d0f0ae2fe5c379d72cedc0"
  version = "v2.1.0"

[[projects]]
  digest = "1:e5d0bd87abc2781d14e274807a470acd180f0499f8bf5bb18606e9ec22ad9de9"
  name = "github.com/pborman/uuid"
  packages = ["."]
  pruneopts = "UT"
  revision = "adf5a7427709b9deb95d29d3fa8a2bf9cfd388f1"
  version = "v1.2"

[[projects]]
  digest = "1:40e195917a951a8bf867cd05de2a46aaf1806c50cf92eebf4c16f78cd196f747"
  name = "github.com/pkg/errors"
  packages = ["."]
  pruneopts = "UT"
  revision = "645ef00459ed84a119197bfb8d8205042c6df63d"
  version = "v0.8.0"

[[projects]]
  digest = "1:0028cb19b2e4c3112225cd871870f2d9cf49b9b4276531f03438a88e94be86fe"
  name = "github.com/pmezard/go-difflib"
  packages = ["difflib"]
  pruneopts = "UT"
  revision = "792786c7400a136282c1664665ae0a8db921c6c2"
  version = "v1.0.0"

[[projects]]
  digest = "1:c1a04665f9613e082e1209cf288bf64f4068dcd6c87a64bf1c4ff006ad422ba0"
  name = "github.com/prometheus/client_golang"
  packages = [
    "prometheus",
    "prometheus/promhttp",
  ]
  pruneopts = "UT"
  revision = "ae27198cdd90bf12cd134ad79d1366a6cf49f632"

[[projects]]
  branch = "master"
  digest = "1:2d5cd61daa5565187e1d96bae64dbbc6080dacf741448e9629c64fd93203b0d4"
  name = "github.com/prometheus/client_model"
  packages = ["go"]
  pruneopts = "UT"
  revision = "5c3871d89910bfb32f5fcab2aa4b9ec68e65a99f"

[[projects]]
  branch = "master"
  digest = "1:db712fde5d12d6cdbdf14b777f0c230f4ff5ab0be8e35b239fc319953ed577a4"
  name = "github.com/prometheus/common"
  packages = [
    "expfmt",
    "internal/bitbucket.org/ww/goautoneg",
    "model",
  ]
  pruneopts = "UT"
  revision = "aeab699e26f4d4089dba5e522e5d9babd2adbaf7"

[[projects]]
  branch = "master"
  digest = "1:ef74914912f99c79434d9c09658274678bc85080ebe3ab32bec3940ebce5e1fc"
  name = "github.com/prometheus/procfs"
  packages = [
    ".",
    "internal/util",
    "nfs",
    "xfs",
  ]
  pruneopts = "UT"
  revision = "185b4288413d2a0dd0806f78c90dde719829e5ae"

[[projects]]
  digest = "1:c4556a44e350b50a490544d9b06e9fba9c286c21d6c0e47f54f3a9214597298c"
  name = "github.com/rcrowley/go-metrics"
  packages = ["."]
  pruneopts = "UT"
  revision = "e2704e165165ec55d062f5919b4b29494e9fa790"

[[projects]]
  digest = "1:31d83d1b1c288073c91abadee3caec87de2a1fb5dbe589039264a802e67a26b8"
  name = "github.com/rjeczalik/notify"
  packages = ["."]
  pruneopts = "UT"
  revision = "69d839f37b13a8cb7a78366f7633a4071cb43be7"
  version = "v0.9.2"

[[projects]]
  digest = "1:b0c25f00bad20d783d259af2af8666969e2fc343fa0dc9efe52936bbd67fb758"
  name = "github.com/rs/cors"
  packages = ["."]
  pruneopts = "UT"
  revision = "9a47f48565a795472d43519dd49aac781f3034fb"
  version = "v1.6.0"

[[projects]]
  digest = "1:69b1cc331fca23d702bd72f860c6a647afd0aa9fcbc1d0659b1365e26546dd70"
  name = "github.com/sirupsen/logrus"
  packages = ["."]
  pruneopts = "UT"
  revision = "bcd833dfe83d3cebad139e4a29ed79cb2318bf95"
  version = "v1.2.0"

[[projects]]
  digest = "1:18752d0b95816a1b777505a97f71c7467a8445b8ffb55631a7bf779f6ba4fa83"
  name = "github.com/stretchr/testify"
  packages = ["assert"]
  pruneopts = "UT"
  revision = "f35b8ab0b5a2cef36673838d662e249dd9c94686"
  version = "v1.2.2"

[[projects]]
  branch = "master"
  digest = "1:9ff9e1808adfc43f788f1c1e9fd2660c285b522243da985a4c043ec6f2a2d736"
  name = "github.com/syndtr/goleveldb"
  packages = [
    "leveldb",
    "leveldb/cache",
    "leveldb/comparer",
    "leveldb/errors",
    "leveldb/filter",
    "leveldb/iterator",
    "leveldb/journal",
    "leveldb/memdb",
    "leveldb/opt",
    "leveldb/storage",
    "leveldb/table",
    "leveldb/util",
  ]
  pruneopts = "UT"
  revision = "f9080354173f192dfc8821931eacf9cfd6819253"

[[projects]]
  digest = "1:8a41a4a7a586f32f920e88491c00f71ffef4b222c654905d2a9874ee5f45c767"
  name = "github.com/tendermint/btcd"
  packages = ["btcec"]
  pruneopts = "UT"
  revision = "cea5d3c1cc16eb07a1686c557db23004655ae11b"
  version = "BTCD_0_12_0_BETA"

[[projects]]
  branch = "master"
  digest = "1:087aaa7920e5d0bf79586feb57ce01c35c830396ab4392798112e8aae8c47722"
  name = "github.com/tendermint/ed25519"
  packages = [
    ".",
    "edwards25519",
    "extra25519",
  ]
  pruneopts = "UT"
  revision = "d8387025d2b9d158cf4efb07e7ebf814bcce2057"

[[projects]]
  digest = "1:e9113641c839c21d8eaeb2c907c7276af1eddeed988df8322168c56b7e06e0e1"
  name = "github.com/tendermint/go-amino"
  packages = ["."]
  pruneopts = "UT"
  revision = "2106ca61d91029c931fd54968c2bb02dc96b1412"
  version = "0.10.1"

[[projects]]
  digest = "1:f2dc8b9a0547f37ec62cf3f6d562455c3535965246a2d9dee4ac5c3828d16b47"
  name = "github.com/tendermint/tendermint"
  packages = [
    "abci/client",
    "abci/example/code",
    "abci/example/kvstore",
    "abci/server",
    "abci/types",
    "blockchain",
    "config",
    "consensus",
    "consensus/types",
    "crypto",
    "crypto/ed25519",
    "crypto/encoding/amino",
    "crypto/merkle",
    "crypto/secp256k1",
    "crypto/tmhash",
    "evidence",
    "libs/autofile",
    "libs/clist",
    "libs/common",
    "libs/db",
    "libs/events",
    "libs/flowrate",
    "libs/log",
    "libs/pubsub",
    "libs/pubsub/query",
    "mempool",
    "node",
    "p2p",
    "p2p/conn",
    "p2p/pex",
    "p2p/upnp",
    "privval",
    "proxy",
    "rpc/client",
    "rpc/core",
    "rpc/core/types",
    "rpc/grpc",
    "rpc/lib",
    "rpc/lib/client",
    "rpc/lib/server",
    "rpc/lib/types",
    "state",
    "state/txindex",
    "state/txindex/kv",
    "state/txindex/null",
    "types",
    "version",
  ]
  pruneopts = "UT"
  revision = "9e940b95ad4d27efab60d0d49278db5acb2a3b7e"
  version = "v0.23.1"

[[projects]]
  digest = "1:2cab41f59638fdb77dda96ab4f9b5860ef30f48967557254eba127e43c756f2e"
  name = "github.com/tidwall/gjson"
  packages = ["."]
  pruneopts = "UT"
  revision = "1e3f6aeaa5bad08d777ea7807b279a07885dd8b2"
  version = "v1.1.3"

[[projects]]
  digest = "1:d3f968e2a2c9f8506ed44b01b605ade0176ba6cf73ff679073e77cfdef2c0d55"
  name = "github.com/tidwall/match"
  packages = ["."]
  pruneopts = "UT"
  revision = "1731857f09b1f38450e2c12409748407822dc6be"
  version = "v1.0.0"

[[projects]]
  branch = "master"
  digest = "1:cc84ef00f00d3d7dca228d9498f44c0d000d329be75ae39d81e7d9bef6422d4f"
  name = "github.com/xlab-si/emmy"
  packages = [
    "crypto/common",
    "crypto/qr",
    "crypto/schnorr",
  ]
  pruneopts = "UT"
  revision = "9bb30b7507260a3a5c878e4ce51eda8ca653a459"

[[projects]]
  digest = "1:564b31f09a21367ada5b019d8413afe99cf770775606f94c7bef42b2ef79dfdf"
  name = "github.com/ybbus/jsonrpc"
  packages = ["."]
  pruneopts = "UT"
  revision = "dd866631e904a5df2067d934985c5def68f391ac"
  version = "v2.1.2"

[[projects]]
  branch = "master"
  digest = "1:910b4d05e14edbc31eb3e32a15d957b957f731fce7e326c29449017ff1303a9d"
  name = "golang.org/x/crypto"
  packages = [
    "chacha20poly1305",
    "curve25519",
    "hkdf",
    "internal/chacha20",
    "internal/subtle",
    "nacl/box",
    "nacl/secretbox",
    "pbkdf2",
    "poly1305",
    "ripemd160",
    "salsa20/salsa",
    "scrypt",
    "ssh/terminal",
  ]
  pruneopts = "UT"
  revision = "3d3f9f413869b949e48070b5bc593aa22cc2b8f2"

[[projects]]
  digest = "1:f1afc9fbc40f720896e8090b19bd6ab2ae4f88a1e12ce0edbefa641d1a6cfc80"
  name = "golang.org/x/net"
  packages = [
    "context",
    "http/httpguts",
    "http2",
    "http2/hpack",
    "idna",
    "internal/timeseries",
    "netutil",
    "trace",
    "websocket",
  ]
  pruneopts = "UT"
  revision = "292b43bbf7cb8d35ddf40f8d5100ef3837cced3f"

[[projects]]
  branch = "master"
  digest = "1:5a613be9198dc04fd2032ff2fe57b649b3e4121d0e4c3d1e5289a62f2204de64"
  name = "golang.org/x/sys"
  packages = [
    "cpu",
    "unix",
    "windows",
  ]
  pruneopts = "UT"
  revision = "62eef0e2fa9b2c385f7b2778e763486da6880d37"

[[projects]]
  digest = "1:a2ab62866c75542dd18d2b069fec854577a20211d7c0ea6ae746072a1dccdd18"
  name = "golang.org/x/text"
  packages = [
    "collate",
    "collate/build",
    "internal/colltab",
    "internal/gen",
    "internal/tag",
    "internal/triegen",
    "internal/ucd",
    "language",
    "secure/bidirule",
    "transform",
    "unicode/bidi",
    "unicode/cldr",
    "unicode/norm",
    "unicode/rangetable",
  ]
  pruneopts = "UT"
  revision = "f21a4dfb5e38f5895301dc265a8def02365cc3d0"
  version = "v0.3.0"

[[projects]]
  branch = "master"
  digest = "1:56b0bca90b7e5d1facf5fbdacba23e4e0ce069d25381b8e2f70ef1e7ebfb9c1a"
  name = "google.golang.org/genproto"
  packages = ["googleapis/rpc/status"]
  pruneopts = "UT"
  revision = "b5d43981345bdb2c233eb4bf3277847b48c6fdc6"

[[projects]]
  digest = "1:2dab32a43451e320e49608ff4542fdfc653c95dcc35d0065ec9c6c3dd540ed74"
  name = "google.golang.org/grpc"
  packages = [
    ".",
    "balancer",
    "balancer/base",
    "balancer/roundrobin",
    "codes",
    "connectivity",
    "credentials",
    "encoding",
    "encoding/proto",
    "grpclog",
    "internal",
    "internal/backoff",
    "internal/channelz",
    "internal/grpcrand",
    "keepalive",
    "metadata",
    "naming",
    "peer",
    "resolver",
    "resolver/dns",
    "resolver/passthrough",
    "stats",
    "status",
    "tap",
    "transport",
  ]
  pruneopts = "UT"
  revision = "168a6198bcb0ef175f7dacec0b8691fc141dc9b8"
  version = "v1.13.0"

[[projects]]
  branch = "v2"
  digest = "1:3d3f9391ab615be8655ae0d686a1564f3fec413979bb1aaf018bac1ec1bb1cc7"
  name = "gopkg.in/natefinch/npipe.v2"
  packages = ["."]
  pruneopts = "UT"
  revision = "c1b8fa8bdccecb0b8db834ee0b92fdbcfa606dd6"

[[projects]]
  digest = "1:342378ac4dcb378a5448dd723f0784ae519383532f5e70ade24132c4c8693202"
  name = "gopkg.in/yaml.v2"
  packages = ["."]
  pruneopts = "UT"
  revision = "5420a8b6744d3b0345ab293f6fcba19c978f1183"
  version = "v2.2.1"

[solve-meta]
  analyzer-name = "dep"
  analyzer-version = 1
  input-imports = [
    "github.com/Rican7/retry",
    "github.com/Rican7/retry/backoff",
    "github.com/Rican7/retry/strategy",
    "github.com/anthdm/hbbft",
    "github.com/btcsuite/btcd/btcec",
    "github.com/ethereum/go-ethereum",
    "github.com/ethereum/go-ethereum/accounts/abi",
    "github.com/ethereum/go-ethereum/accounts/abi/bind",
    "github.com/ethereum/go-ethereum/common",
    "github.com/ethereum/go-ethereum/common/math",
    "github.com/ethereum/go-ethereum/core/types",
    "github.com/ethereum/go-ethereum/crypto",
    "github.com/ethereum/go-ethereum/crypto/sha3",
    "github.com/ethereum/go-ethereum/ethclient",
    "github.com/ethereum/go-ethereum/event",
    "github.com/ethereum/go-ethereum/rlp",
    "github.com/fatih/structs",
    "github.com/google/go-cmp/cmp",
    "github.com/google/go-cmp/cmp/cmpopts",
    "github.com/intel-go/fastjson",
    "github.com/jinzhu/copier",
    "github.com/mattn/go-sqlite3",
    "github.com/micro/go-config",
    "github.com/micro/go-config/source/file",
    "github.com/osamingo/jsonrpc",
    "github.com/patrickmn/go-cache",
    "github.com/pkg/errors",
    "github.com/rs/cors",
    "github.com/stretchr/testify/assert",
    "github.com/tendermint/btcd/btcec",
    "github.com/tendermint/tendermint/abci/example/code",
    "github.com/tendermint/tendermint/abci/server",
    "github.com/tendermint/tendermint/abci/types",
    "github.com/tendermint/tendermint/config",
    "github.com/tendermint/tendermint/crypto/secp256k1",
    "github.com/tendermint/tendermint/libs/common",
    "github.com/tendermint/tendermint/libs/db",
    "github.com/tendermint/tendermint/libs/log",
    "github.com/tendermint/tendermint/libs/pubsub/query",
    "github.com/tendermint/tendermint/node",
    "github.com/tendermint/tendermint/p2p",
    "github.com/tendermint/tendermint/privval",
    "github.com/tendermint/tendermint/rpc/client",
    "github.com/tendermint/tendermint/rpc/lib/client",
    "github.com/tendermint/tendermint/types",
    "github.com/tendermint/tendermint/version",
    "github.com/tidwall/gjson",
    "github.com/xlab-si/emmy/crypto/common",
    "github.com/xlab-si/emmy/crypto/qr",
    "github.com/ybbus/jsonrpc",
  ]
  solver-name = "gps-cdcl"
  solver-version = 1
